Microsoft Visual Studio Solution File, Format Version 12.00
# Visual Studio Version 17
VisualStudioVersion = 17.5.2.0
MinimumVisualStudioVersion = 10.0.40219.1
Project("{FAE04EC0-301F-11D3-BF4B-00C04F79EFBC}") = "CommunityToolkit.Maui.SourceGenerators.Internal.UnitTests", "CommunityToolkit.Maui.SourceGenerators.Internal.UnitTests.csproj", "{FB899A5F-3C08-B10F-17DC-EEF8346D6C5E}"
EndProject
Global
	GlobalSection(SolutionConfigurationPlatforms) = preSolution
		Debug|Any CPU = Debug|Any CPU
		Release|Any CPU = Release|Any CPU
	EndGlobalSection
	GlobalSection(ProjectConfigurationPlatforms) = postSolution
		{FB899A5F-3C08-B10F-17DC-EEF8346D6C5E}.Debug|Any CPU.ActiveCfg = Debug|Any CPU
		{FB899A5F-3C08-B10F-17DC-EEF8346D6C5E}.Debug|Any CPU.Build.0 = Debug|Any CPU
		{FB899A5F-3C08-B10F-17DC-EEF8346D6C5E}.Release|Any CPU.ActiveCfg = Release|Any CPU
		{FB899A5F-3C08-B10F-17DC-EEF8346D6C5E}.Release|Any CPU.Build.0 = Release|Any CPU
	EndGlobalSection
	GlobalSection(SolutionProperties) = preSolution
		HideSolutionNode = FALSE
	EndGlobalSection
	GlobalSection(ExtensibilityGlobals) = postSolution
		SolutionGuid = {76F7041A-345B-4064-98CD-024617779774}
	EndGlobalSection
EndGlobal
