Microsoft Visual Studio Solution File, Format Version 12.00
# Visual Studio Version 17
VisualStudioVersion = 17.5.2.0
MinimumVisualStudioVersion = 10.0.40219.1
Project("{FAE04EC0-301F-11D3-BF4B-00C04F79EFBC}") = "DivStart", "DivStart.csproj", "{3DC5976D-B15D-885D-C0DF-0A488A724945}"
EndProject
Global
	GlobalSection(SolutionConfigurationPlatforms) = preSolution
		Debug|Any CPU = Debug|Any CPU
		Release|Any CPU = Release|Any CPU
	EndGlobalSection
	GlobalSection(ProjectConfigurationPlatforms) = postSolution
		{3DC5976D-B15D-885D-C0DF-0A488A724945}.Debug|Any CPU.ActiveCfg = Debug|Any CPU
		{3DC5976D-B15D-885D-C0DF-0A488A724945}.Debug|Any CPU.Build.0 = Debug|Any CPU
		{3DC5976D-B15D-885D-C0DF-0A488A724945}.Release|Any CPU.ActiveCfg = Release|Any CPU
		{3DC5976D-B15D-885D-C0DF-0A488A724945}.Release|Any CPU.Build.0 = Release|Any CPU
	EndGlobalSection
	GlobalSection(SolutionProperties) = preSolution
		HideSolutionNode = FALSE
	EndGlobalSection
	GlobalSection(ExtensibilityGlobals) = postSolution
		SolutionGuid = {C47E33EE-E1DC-4DF8-9B50-06F07AC2A3E1}
	EndGlobalSection
EndGlobal
