Microsoft Visual Studio Solution File, Format Version 12.00
# Visual Studio Version 17
VisualStudioVersion = 17.5.2.0
MinimumVisualStudioVersion = 10.0.40219.1
Project("{FAE04EC0-301F-11D3-BF4B-00C04F79EFBC}") = "CommunityToolkit.Maui.Sample", "CommunityToolkit.Maui.Sample.csproj", "{12577C4E-4903-8295-7D67-1A236A8D3CCE}"
EndProject
Global
	GlobalSection(SolutionConfigurationPlatforms) = preSolution
		Debug|Any CPU = Debug|Any CPU
		Release|Any CPU = Release|Any CPU
	EndGlobalSection
	GlobalSection(ProjectConfigurationPlatforms) = postSolution
		{12577C4E-4903-8295-7D67-1A236A8D3CCE}.Debug|Any CPU.ActiveCfg = Debug|Any CPU
		{12577C4E-4903-8295-7D67-1A236A8D3CCE}.Debug|Any CPU.Build.0 = Debug|Any CPU
		{12577C4E-4903-8295-7D67-1A236A8D3CCE}.Release|Any CPU.ActiveCfg = Release|Any CPU
		{12577C4E-4903-8295-7D67-1A236A8D3CCE}.Release|Any CPU.Build.0 = Release|Any CPU
	EndGlobalSection
	GlobalSection(SolutionProperties) = preSolution
		HideSolutionNode = FALSE
	EndGlobalSection
	GlobalSection(ExtensibilityGlobals) = postSolution
		SolutionGuid = {F6523D66-E13E-403D-AC13-A6619CF6A26C}
	EndGlobalSection
EndGlobal
