
Microsoft Visual Studio Solution File, Format Version 12.00
# Visual Studio Version 17
VisualStudioVersion = 17.0.31521.260
MinimumVisualStudioVersion = 10.0.40219.1
Project("{9A19103F-16F7-4668-BE54-9A1E7A4F7556}") = "CommunityToolkit.Maui", "..\src\CommunityToolkit.Maui\CommunityToolkit.Maui.csproj", "{71B583D9-470D-476C-BB1A-4AC663D1A339}"
EndProject
Project("{9A19103F-16F7-4668-BE54-9A1E7A4F7556}") = "CommunityToolkit.Maui.UnitTests", "..\src\CommunityToolkit.Maui.UnitTests\CommunityToolkit.Maui.UnitTests.csproj", "{7D49CC16-93CF-471B-B1FA-0BA44DECC15D}"
EndProject
Project("{2150E333-8FDC-42A3-9474-1A3956D46DE8}") = "Samples", "Samples", "{AE67B86A-46F2-4078-BF02-0614B7E0E3F5}"
EndProject
Project("{9A19103F-16F7-4668-BE54-9A1E7A4F7556}") = "CommunityToolkit.Maui.Sample", "CommunityToolkit.Maui.Sample\CommunityToolkit.Maui.Sample.csproj", "{3A795407-604F-4502-8C76-281BE5575A84}"
EndProject
Project("{2150E333-8FDC-42A3-9474-1A3956D46DE8}") = "Solution Items", "Solution Items", "{3ED2C978-9DDB-48FE-8C5A-521B254F18A3}"
	ProjectSection(SolutionItems) = preProject
		..\.editorconfig = ..\.editorconfig
		..\azure-pipelines.yml = ..\azure-pipelines.yml
		..\Directory.Build.props = ..\Directory.Build.props
		..\global.json = ..\global.json
	EndProjectSection
EndProject
Global
	GlobalSection(SolutionConfigurationPlatforms) = preSolution
		Debug|Any CPU = Debug|Any CPU
		Release|Any CPU = Release|Any CPU
	EndGlobalSection
	GlobalSection(ProjectConfigurationPlatforms) = postSolution
		{71B583D9-470D-476C-BB1A-4AC663D1A339}.Debug|Any CPU.ActiveCfg = Debug|Any CPU
		{71B583D9-470D-476C-BB1A-4AC663D1A339}.Debug|Any CPU.Build.0 = Debug|Any CPU
		{71B583D9-470D-476C-BB1A-4AC663D1A339}.Debug|Any CPU.Deploy.0 = Debug|Any CPU
		{71B583D9-470D-476C-BB1A-4AC663D1A339}.Release|Any CPU.ActiveCfg = Release|Any CPU
		{71B583D9-470D-476C-BB1A-4AC663D1A339}.Release|Any CPU.Build.0 = Release|Any CPU
		{71B583D9-470D-476C-BB1A-4AC663D1A339}.Release|Any CPU.Deploy.0 = Release|Any CPU
		{7D49CC16-93CF-471B-B1FA-0BA44DECC15D}.Debug|Any CPU.ActiveCfg = Debug|Any CPU
		{7D49CC16-93CF-471B-B1FA-0BA44DECC15D}.Debug|Any CPU.Build.0 = Debug|Any CPU
		{7D49CC16-93CF-471B-B1FA-0BA44DECC15D}.Debug|Any CPU.Deploy.0 = Debug|Any CPU
		{7D49CC16-93CF-471B-B1FA-0BA44DECC15D}.Release|Any CPU.ActiveCfg = Release|Any CPU
		{7D49CC16-93CF-471B-B1FA-0BA44DECC15D}.Release|Any CPU.Build.0 = Release|Any CPU
		{7D49CC16-93CF-471B-B1FA-0BA44DECC15D}.Release|Any CPU.Deploy.0 = Release|Any CPU
		{3A795407-604F-4502-8C76-281BE5575A84}.Debug|Any CPU.ActiveCfg = Debug|Any CPU
		{3A795407-604F-4502-8C76-281BE5575A84}.Debug|Any CPU.Build.0 = Debug|Any CPU
		{3A795407-604F-4502-8C76-281BE5575A84}.Debug|Any CPU.Deploy.0 = Debug|Any CPU
		{3A795407-604F-4502-8C76-281BE5575A84}.Release|Any CPU.ActiveCfg = Release|Any CPU
		{3A795407-604F-4502-8C76-281BE5575A84}.Release|Any CPU.Build.0 = Release|Any CPU
		{3A795407-604F-4502-8C76-281BE5575A84}.Release|Any CPU.Deploy.0 = Release|Any CPU
	EndGlobalSection
	GlobalSection(SolutionProperties) = preSolution
		HideSolutionNode = FALSE
	EndGlobalSection
	GlobalSection(NestedProjects) = preSolution
		{3A795407-604F-4502-8C76-281BE5575A84} = {AE67B86A-46F2-4078-BF02-0614B7E0E3F5}
	EndGlobalSection
	GlobalSection(ExtensibilityGlobals) = postSolution
		SolutionGuid = {1E9E61C1-5CB7-4C8E-87BA-6C1D38238679}
	EndGlobalSection
EndGlobal
