
Microsoft Visual Studio Solution File, Format Version 12.00
# Visual Studio Version 17
VisualStudioVersion = 17.1.31911.260
MinimumVisualStudioVersion = 10.0.40219.1
Project("{9A19103F-16F7-4668-BE54-9A1E7A4F7556}") = "CommunityToolkit.Maui.UnitTests", "CommunityToolkit.Maui.UnitTests\CommunityToolkit.Maui.UnitTests.csproj", "{6A93AA5D-4C26-4F1E-8DEE-83C26C03AAF4}"
EndProject
Project("{2150E333-8FDC-42A3-9474-1A3956D46DE8}") = "Solution Items", "Solution Items", "{478D53B4-48B3-4100-BF4D-60F3FC77DE81}"
	ProjectSection(SolutionItems) = preProject
		..\.editorconfig = ..\.editorconfig
		..\Directory.Build.props = ..\Directory.Build.props
		..\Directory.Build.targets = ..\Directory.Build.targets
		..\global.json = ..\global.json
	EndProjectSection
EndProject
Project("{9A19103F-16F7-4668-BE54-9A1E7A4F7556}") = "CommunityToolkit.Maui", "CommunityToolkit.Maui\CommunityToolkit.Maui.csproj", "{6BE0563C-9B4D-40EF-838E-8F4D1EAF2A0B}"
EndProject
Project("{9A19103F-16F7-4668-BE54-9A1E7A4F7556}") = "CommunityToolkit.Maui.Core", "CommunityToolkit.Maui.Core\CommunityToolkit.Maui.Core.csproj", "{32FC3765-AFB9-4EE8-A991-1D1D60154E73}"
EndProject
Project("{2150E333-8FDC-42A3-9474-1A3956D46DE8}") = "Analyzers", "Analyzers", "{D6DE0F68-F76A-4D16-968C-9FE5FC6A459C}"
EndProject
Project("{9A19103F-16F7-4668-BE54-9A1E7A4F7556}") = "CommunityToolkit.Maui.SourceGenerators", "CommunityToolkit.Maui.SourceGenerators\CommunityToolkit.Maui.SourceGenerators.csproj", "{79BD87E6-60A9-471D-B9D5-4A16E5742F33}"
EndProject
Project("{9A19103F-16F7-4668-BE54-9A1E7A4F7556}") = "CommunityToolkit.Maui.Analyzers.CodeFixes", "CommunityToolkit.Maui.Analyzers.CodeFixes\CommunityToolkit.Maui.Analyzers.CodeFixes.csproj", "{0BCA7DFD-2324-4132-8AD5-73EBEE297599}"
EndProject
Project("{9A19103F-16F7-4668-BE54-9A1E7A4F7556}") = "CommunityToolkit.Maui.Analyzers", "CommunityToolkit.Maui.Analyzers\CommunityToolkit.Maui.Analyzers.csproj", "{93202967-354B-49F6-8958-FF6630197909}"
EndProject
Project("{2150E333-8FDC-42A3-9474-1A3956D46DE8}") = "Tests", "Tests", "{60926304-6805-4E92-8E83-E63BB728E0E2}"
EndProject
Project("{9A19103F-16F7-4668-BE54-9A1E7A4F7556}") = "CommunityToolkit.Maui.Analyzers.UnitTests", "CommunityToolkit.Maui.Analyzers.UnitTests\CommunityToolkit.Maui.Analyzers.UnitTests.csproj", "{36ED21C6-EAA1-4472-B9DC-C0DC5EF7CBBF}"
EndProject
Project("{9A19103F-16F7-4668-BE54-9A1E7A4F7556}") = "CommunityToolkit.Maui.Maps", "CommunityToolkit.Maui.Maps\CommunityToolkit.Maui.Maps.csproj", "{C567B5C3-FE10-42D0-9FB8-3C2D9B0FBF63}"
EndProject
Project("{9A19103F-16F7-4668-BE54-9A1E7A4F7556}") = "CommunityToolkit.Maui.MediaElement", "CommunityToolkit.Maui.MediaElement\CommunityToolkit.Maui.MediaElement.csproj", "{D6FB00E5-B2BE-4F02-857B-985E991653CB}"
EndProject
Project("{9A19103F-16F7-4668-BE54-9A1E7A4F7556}") = "CommunityToolkit.Maui.MediaElement.Analyzers", "CommunityToolkit.Maui.MediaElement.Analyzers\CommunityToolkit.Maui.MediaElement.Analyzers.csproj", "{673856B7-78A5-4E61-AEBD-CBBC1A15B0D1}"
EndProject
Project("{9A19103F-16F7-4668-BE54-9A1E7A4F7556}") = "CommunityToolkit.Maui.MediaElement.Analyzers.CodeFixes", "CommunityToolkit.Maui.MediaElement.Analyzers.CodeFixes\CommunityToolkit.Maui.MediaElement.Analyzers.CodeFixes.csproj", "{DC82CAA2-90F9-4BA5-98F4-2232660DECF1}"
EndProject
Project("{FAE04EC0-301F-11D3-BF4B-00C04F79EFBC}") = "CommunityToolkit.Maui.Camera", "CommunityToolkit.Maui.Camera\CommunityToolkit.Maui.Camera.csproj", "{338A9CC3-0B5C-4191-AA13-D3A9B599805E}"
EndProject
Project("{FAE04EC0-301F-11D3-BF4B-00C04F79EFBC}") = "CommunityToolkit.Maui.Camera.Analyzers", "CommunityToolkit.Maui.Camera.Analyzers\CommunityToolkit.Maui.Camera.Analyzers.csproj", "{40BC4B5C-DF0B-4C95-9155-AFBF617F2E99}"
EndProject
Project("{FAE04EC0-301F-11D3-BF4B-00C04F79EFBC}") = "CommunityToolkit.Maui.Camera.Analyzers.CodeFixes", "CommunityToolkit.Maui.Camera.Analyzers.CodeFixes\CommunityToolkit.Maui.Camera.Analyzers.CodeFixes.csproj", "{97B77E28-FA3C-4827-9893-4E934312234A}"
EndProject
Global
	GlobalSection(SolutionConfigurationPlatforms) = preSolution
		Debug|Any CPU = Debug|Any CPU
		Release|Any CPU = Release|Any CPU
	EndGlobalSection
	GlobalSection(ProjectConfigurationPlatforms) = postSolution
		{6A93AA5D-4C26-4F1E-8DEE-83C26C03AAF4}.Debug|Any CPU.ActiveCfg = Debug|Any CPU
		{6A93AA5D-4C26-4F1E-8DEE-83C26C03AAF4}.Debug|Any CPU.Build.0 = Debug|Any CPU
		{6A93AA5D-4C26-4F1E-8DEE-83C26C03AAF4}.Release|Any CPU.ActiveCfg = Release|Any CPU
		{6A93AA5D-4C26-4F1E-8DEE-83C26C03AAF4}.Release|Any CPU.Build.0 = Release|Any CPU
		{6BE0563C-9B4D-40EF-838E-8F4D1EAF2A0B}.Debug|Any CPU.ActiveCfg = Debug|Any CPU
		{6BE0563C-9B4D-40EF-838E-8F4D1EAF2A0B}.Debug|Any CPU.Build.0 = Debug|Any CPU
		{6BE0563C-9B4D-40EF-838E-8F4D1EAF2A0B}.Release|Any CPU.ActiveCfg = Release|Any CPU
		{6BE0563C-9B4D-40EF-838E-8F4D1EAF2A0B}.Release|Any CPU.Build.0 = Release|Any CPU
		{32FC3765-AFB9-4EE8-A991-1D1D60154E73}.Debug|Any CPU.ActiveCfg = Debug|Any CPU
		{32FC3765-AFB9-4EE8-A991-1D1D60154E73}.Debug|Any CPU.Build.0 = Debug|Any CPU
		{32FC3765-AFB9-4EE8-A991-1D1D60154E73}.Release|Any CPU.ActiveCfg = Release|Any CPU
		{32FC3765-AFB9-4EE8-A991-1D1D60154E73}.Release|Any CPU.Build.0 = Release|Any CPU
		{79BD87E6-60A9-471D-B9D5-4A16E5742F33}.Debug|Any CPU.ActiveCfg = Debug|Any CPU
		{79BD87E6-60A9-471D-B9D5-4A16E5742F33}.Debug|Any CPU.Build.0 = Debug|Any CPU
		{79BD87E6-60A9-471D-B9D5-4A16E5742F33}.Release|Any CPU.ActiveCfg = Release|Any CPU
		{79BD87E6-60A9-471D-B9D5-4A16E5742F33}.Release|Any CPU.Build.0 = Release|Any CPU
		{0BCA7DFD-2324-4132-8AD5-73EBEE297599}.Debug|Any CPU.ActiveCfg = Debug|Any CPU
		{0BCA7DFD-2324-4132-8AD5-73EBEE297599}.Debug|Any CPU.Build.0 = Debug|Any CPU
		{0BCA7DFD-2324-4132-8AD5-73EBEE297599}.Release|Any CPU.ActiveCfg = Release|Any CPU
		{0BCA7DFD-2324-4132-8AD5-73EBEE297599}.Release|Any CPU.Build.0 = Release|Any CPU
		{93202967-354B-49F6-8958-FF6630197909}.Debug|Any CPU.ActiveCfg = Debug|Any CPU
		{93202967-354B-49F6-8958-FF6630197909}.Debug|Any CPU.Build.0 = Debug|Any CPU
		{93202967-354B-49F6-8958-FF6630197909}.Release|Any CPU.ActiveCfg = Release|Any CPU
		{93202967-354B-49F6-8958-FF6630197909}.Release|Any CPU.Build.0 = Release|Any CPU
		{36ED21C6-EAA1-4472-B9DC-C0DC5EF7CBBF}.Debug|Any CPU.ActiveCfg = Debug|Any CPU
		{36ED21C6-EAA1-4472-B9DC-C0DC5EF7CBBF}.Debug|Any CPU.Build.0 = Debug|Any CPU
		{36ED21C6-EAA1-4472-B9DC-C0DC5EF7CBBF}.Release|Any CPU.ActiveCfg = Release|Any CPU
		{36ED21C6-EAA1-4472-B9DC-C0DC5EF7CBBF}.Release|Any CPU.Build.0 = Release|Any CPU
		{C567B5C3-FE10-42D0-9FB8-3C2D9B0FBF63}.Debug|Any CPU.ActiveCfg = Debug|Any CPU
		{C567B5C3-FE10-42D0-9FB8-3C2D9B0FBF63}.Debug|Any CPU.Build.0 = Debug|Any CPU
		{C567B5C3-FE10-42D0-9FB8-3C2D9B0FBF63}.Release|Any CPU.ActiveCfg = Release|Any CPU
		{C567B5C3-FE10-42D0-9FB8-3C2D9B0FBF63}.Release|Any CPU.Build.0 = Release|Any CPU
		{D6FB00E5-B2BE-4F02-857B-985E991653CB}.Debug|Any CPU.ActiveCfg = Debug|Any CPU
		{D6FB00E5-B2BE-4F02-857B-985E991653CB}.Debug|Any CPU.Build.0 = Debug|Any CPU
		{D6FB00E5-B2BE-4F02-857B-985E991653CB}.Release|Any CPU.ActiveCfg = Release|Any CPU
		{D6FB00E5-B2BE-4F02-857B-985E991653CB}.Release|Any CPU.Build.0 = Release|Any CPU
		{673856B7-78A5-4E61-AEBD-CBBC1A15B0D1}.Debug|Any CPU.ActiveCfg = Debug|Any CPU
		{673856B7-78A5-4E61-AEBD-CBBC1A15B0D1}.Debug|Any CPU.Build.0 = Debug|Any CPU
		{673856B7-78A5-4E61-AEBD-CBBC1A15B0D1}.Release|Any CPU.ActiveCfg = Release|Any CPU
		{673856B7-78A5-4E61-AEBD-CBBC1A15B0D1}.Release|Any CPU.Build.0 = Release|Any CPU
		{DC82CAA2-90F9-4BA5-98F4-2232660DECF1}.Debug|Any CPU.ActiveCfg = Debug|Any CPU
		{DC82CAA2-90F9-4BA5-98F4-2232660DECF1}.Debug|Any CPU.Build.0 = Debug|Any CPU
		{DC82CAA2-90F9-4BA5-98F4-2232660DECF1}.Release|Any CPU.ActiveCfg = Release|Any CPU
		{DC82CAA2-90F9-4BA5-98F4-2232660DECF1}.Release|Any CPU.Build.0 = Release|Any CPU
		{338A9CC3-0B5C-4191-AA13-D3A9B599805E}.Debug|Any CPU.ActiveCfg = Debug|Any CPU
		{338A9CC3-0B5C-4191-AA13-D3A9B599805E}.Debug|Any CPU.Build.0 = Debug|Any CPU
		{338A9CC3-0B5C-4191-AA13-D3A9B599805E}.Release|Any CPU.ActiveCfg = Release|Any CPU
		{338A9CC3-0B5C-4191-AA13-D3A9B599805E}.Release|Any CPU.Build.0 = Release|Any CPU
		{40BC4B5C-DF0B-4C95-9155-AFBF617F2E99}.Debug|Any CPU.ActiveCfg = Debug|Any CPU
		{40BC4B5C-DF0B-4C95-9155-AFBF617F2E99}.Debug|Any CPU.Build.0 = Debug|Any CPU
		{40BC4B5C-DF0B-4C95-9155-AFBF617F2E99}.Release|Any CPU.ActiveCfg = Release|Any CPU
		{40BC4B5C-DF0B-4C95-9155-AFBF617F2E99}.Release|Any CPU.Build.0 = Release|Any CPU
		{97B77E28-FA3C-4827-9893-4E934312234A}.Debug|Any CPU.ActiveCfg = Debug|Any CPU
		{97B77E28-FA3C-4827-9893-4E934312234A}.Debug|Any CPU.Build.0 = Debug|Any CPU
		{97B77E28-FA3C-4827-9893-4E934312234A}.Release|Any CPU.ActiveCfg = Release|Any CPU
		{97B77E28-FA3C-4827-9893-4E934312234A}.Release|Any CPU.Build.0 = Release|Any CPU
	EndGlobalSection
	GlobalSection(SolutionProperties) = preSolution
		HideSolutionNode = FALSE
	EndGlobalSection
	GlobalSection(NestedProjects) = preSolution
		{6A93AA5D-4C26-4F1E-8DEE-83C26C03AAF4} = {60926304-6805-4E92-8E83-E63BB728E0E2}
		{79BD87E6-60A9-471D-B9D5-4A16E5742F33} = {D6DE0F68-F76A-4D16-968C-9FE5FC6A459C}
		{0BCA7DFD-2324-4132-8AD5-73EBEE297599} = {D6DE0F68-F76A-4D16-968C-9FE5FC6A459C}
		{93202967-354B-49F6-8958-FF6630197909} = {D6DE0F68-F76A-4D16-968C-9FE5FC6A459C}
		{36ED21C6-EAA1-4472-B9DC-C0DC5EF7CBBF} = {60926304-6805-4E92-8E83-E63BB728E0E2}
		{673856B7-78A5-4E61-AEBD-CBBC1A15B0D1} = {D6DE0F68-F76A-4D16-968C-9FE5FC6A459C}
		{DC82CAA2-90F9-4BA5-98F4-2232660DECF1} = {D6DE0F68-F76A-4D16-968C-9FE5FC6A459C}
		{40BC4B5C-DF0B-4C95-9155-AFBF617F2E99} = {D6DE0F68-F76A-4D16-968C-9FE5FC6A459C}
		{97B77E28-FA3C-4827-9893-4E934312234A} = {D6DE0F68-F76A-4D16-968C-9FE5FC6A459C}
	EndGlobalSection
	GlobalSection(ExtensibilityGlobals) = postSolution
		SolutionGuid = {42B065EB-DA54-40BE-B676-3D47D59A81F2}
	EndGlobalSection
EndGlobal
