
Microsoft Visual Studio Solution File, Format Version 12.00
# Visual Studio Version 16
VisualStudioVersion = 16.0.810.4
MinimumVisualStudioVersion = 10.0.40219.1
Project("{FAE04EC0-301F-11D3-BF4B-00C04F79EFBC}") = "CommunityToolkit.Maui", "CommunityToolkit.Maui.csproj", "{7215C030-8EEB-4A2F-8FB9-04BD3B0DD8C0}"
EndProject
Global
	GlobalSection(SolutionConfigurationPlatforms) = preSolution
		Debug|Any CPU = Debug|Any CPU
		Release|Any CPU = Release|Any CPU
	EndGlobalSection
	GlobalSection(ProjectConfigurationPlatforms) = postSolution
		{7215C030-8EEB-4A2F-8FB9-04BD3B0DD8C0}.Debug|Any CPU.ActiveCfg = Debug|Any CPU
		{7215C030-8EEB-4A2F-8FB9-04BD3B0DD8C0}.Debug|Any CPU.Build.0 = Debug|Any CPU
		{7215C030-8EEB-4A2F-8FB9-04BD3B0DD8C0}.Release|Any CPU.ActiveCfg = Release|Any CPU
		{7215C030-8EEB-4A2F-8FB9-04BD3B0DD8C0}.Release|Any CPU.Build.0 = Release|Any CPU
	EndGlobalSection
	GlobalSection(SolutionProperties) = preSolution
		HideSolutionNode = FALSE
	EndGlobalSection
	GlobalSection(ExtensibilityGlobals) = postSolution
		SolutionGuid = {217361CA-C471-413C-9D22-1A1BEC8F5B1F}
	EndGlobalSection
EndGlobal
